github.com/anxp/bytecast v0.0.0-20241220152600-16c110171d47 h1:ZCBxO7auyRW2Zl7XULlqbsM0TrZNfF180RxuqhbZeOY=
github.com/anxp/bytecast v0.0.0-20241220152600-16c110171d47/go.mod h1:DNb7yrIkmrm+6ehllXP25z1N+KElPzOYMqOcQuqrXW0=
github.com/anxp/bytecast v0.0.0-20251020184156-49134ff7dbf6 h1:SjFf60l0zBMjdz8iY7HghLYosxYT+61u40LJh/mbRX8=
github.com/anxp/bytecast v0.0.0-20251020184156-49134ff7dbf6/go.mod h1:DNb7yrIkmrm+6ehllXP25z1N+KElPzOYMqOcQuqrXW0=
github.com/anxp/bytecast v0.0.0-20251025162611-8f11782196a2 h1:2Lu5VfbQfObWiQjmVYFdpwIRLaK7UOppCcGXfXiVcAc=
github.com/anxp/bytecast v0.0.0-20251025162611-8f11782196a2/go.mod h1:DNb7yrIkmrm+6ehllXP25z1N+KElPzOYMqOcQuqrXW0=
github.com/anxp/bytecast v0.0.0-20251026132452-3893c9d89951 h1:VlXmzPOLCvvjKB2Sd+O6dWJIQmwrxUqBIHLI1thgJfQ=
github.com/anxp/bytecast v0.0.0-20251026132452-3893c9d89951/go.mod h1:DNb7yrIkmrm+6ehllXP25z1N+KElPzOYMqOcQuqrXW0=
github.com/anxp/bytecast v0.0.0-20260125173040-e047ab6501f1 h1:+MlxYUp7TpQrLv8yshthW3jsfOtk7bYYbCLIq0aDxWA=
github.com/anxp/bytecast v0.0.0-20260125173040-e047ab6501f1/go.mod h1:DNb7yrIkmrm+6ehllXP25z1N+KElPzOYMqOcQuqrXW0=
github.com/anxp/bytecast v0.0.0-20260211202716-44b18e7717fb h1:dwR+i4NCsigCfXrl1VtdBZi247ZK6b9qEBSb8pWgiBU=
github.com/anxp/bytecast v0.0.0-20260211202716-44b18e7717fb/go.mod h1:DNb7yrIkmrm+6ehllXP25z1N+KElPzOYMqOcQuqrXW0=
github.com/anxp/bytecast v0.0.0-20260215182428-d3e28572fba4 h1:ovfKYbk28pAxxNgaBZtKCjZYvMkj8VPRl3wymuxIGUE=
github.com/anxp/bytecast v0.0.0-20260215182428-d3e28572fba4/go.mod h1:DNb7yrIkmrm+6ehllXP25z1N+KElPzOYMqOcQuqrXW0=
golang.org/x/crypto v0.43.0 h1:dduJYIi3A3KOfdGOHX8AVZ/jGiyPa3IbBozJ5kNuE04=
golang.org/x/crypto v0.43.0/go.mod h1:BFbav4mRNlXJL4wNeejLpWxB7wMbc79PdRGhWKncxR0=
golang.org/x/sys v0.37.0 h1:fdNQudmxPjkdUTPnLn5mdQv7Zwvbvpaxqs831goi9kQ=
golang.org/x/sys v0.37.0/go.mod h1:OgkHotnGiDImocRcuBABYBEXf8A9a87e/uXjp9XT3ks=
